
Microsoft Visual Studio Solution File, Format Version 12.00
Project("{FAE04EC0-301F-11D3-BF4B-00C04F79EFBC}") = "DataStructures", "DataStructures\DataStructures.csproj", "{73E7DE68-5346-4597-9411-F2EA5476C569}"
EndProject
Project("{FAE04EC0-301F-11D3-BF4B-00C04F79EFBC}") = "DataStructures.Tests", "DataStructures.Tests\DataStructures.Tests.csproj", "{9313CE5B-9AFA-47C3-9428-357CA1A4828D}"
EndProject
Global
	GlobalSection(SolutionConfigurationPlatforms) = preSolution
		Debug|Any CPU = Debug|Any CPU
		Release|Any CPU = Release|Any CPU
	EndGlobalSection
	GlobalSection(ProjectConfigurationPlatforms) = postSolution
		{73E7DE68-5346-4597-9411-F2EA5476C569}.Debug|Any CPU.ActiveCfg = Debug|Any CPU
		{73E7DE68-5346-4597-9411-F2EA5476C569}.Debug|Any CPU.Build.0 = Debug|Any CPU
		{73E7DE68-5346-4597-9411-F2EA5476C569}.Release|Any CPU.ActiveCfg = Release|Any CPU
		{73E7DE68-5346-4597-9411-F2EA5476C569}.Release|Any CPU.Build.0 = Release|Any CPU
		{9313CE5B-9AFA-47C3-9428-357CA1A4828D}.Debug|Any CPU.ActiveCfg = Debug|Any CPU
		{9313CE5B-9AFA-47C3-9428-357CA1A4828D}.Debug|Any CPU.Build.0 = Debug|Any CPU
		{9313CE5B-9AFA-47C3-9428-357CA1A4828D}.Release|Any CPU.ActiveCfg = Release|Any CPU
		{9313CE5B-9AFA-47C3-9428-357CA1A4828D}.Release|Any CPU.Build.0 = Release|Any CPU
	EndGlobalSection
EndGlobal
